lockfileVersion: '9.0'

settings:
  autoInstallPeers: true
  excludeLinksFromLockfile: false

importers:

  .:
    dependencies:
      dotenv:
        specifier: 17.2.3
        version: 17.2.3
      zod:
        specifier: 4.3.5
        version: 4.3.5
    devDependencies:
      '@tsconfig/node24':
        specifier: 24.0.3
        version: 24.0.3
      '@tsconfig/strictest':
        specifier: 2.0.8
        version: 2.0.8
      '@types/node':
        specifier: 24.10.8
        version: 24.10.8
      typescript:
        specifier: 5.9.3
        version: 5.9.3

packages:

  '@tsconfig/node24@24.0.3':
    resolution: {integrity: sha512-vcERKtKQKHgzt/vfS3Gjasd8SUI2a0WZXpgJURdJsMySpS5+ctgbPfuLj2z/W+w4lAfTWxoN4upKfu2WzIRYnw==}

  '@tsconfig/strictest@2.0.8':
    resolution: {integrity: sha512-XnQ7vNz5HRN0r88GYf1J9JJjqtZPiHt2woGJOo2dYqyHGGcd6OLGqSlBB6p1j9mpzja6Oe5BoPqWmeDx6X9rLw==}

  '@types/node@24.10.8':
    resolution: {integrity: sha512-r0bBaXu5Swb05doFYO2kTWHMovJnNVbCsII0fhesM8bNRlLhXIuckley4a2DaD+vOdmm5G+zGkQZAPZsF80+YQ==}

  dotenv@17.2.3:
    resolution: {integrity: sha512-JVUnt+DUIzu87TABbhPmNfVdBDt18BLOWjMUFJMSi/Qqg7NTYtabbvSNJGOJ7afbRuv9D/lngizHtP7QyLQ+9w==}
    engines: {node: '>=12'}

  typescript@5.9.3:
    resolution: {integrity: sha512-jl1vZzPDinLr9eUt3J/t7V6FgNEw9QjvBPdysz9KfQDD41fQrC2Y4vKQdiaUpFT4bXlb1RHhLpp8wtm6M5TgSw==}
    engines: {node: '>=14.17'}
    hasBin: true

  undici-types@7.16.0:
    resolution: {integrity: sha512-Zz+aZWSj8LE6zoxD+xrjh4VfkIG8Ya6LvYkZqtUQGJPZjYl53ypCaUwWqo7eI0x66KBGeRo+mlBEkMSeSZ38Nw==}

  zod@4.3.5:
    resolution: {integrity: sha512-k7Nwx6vuWx1IJ9Bjuf4Zt1PEllcwe7cls3VNzm4CQ1/hgtFUK2bRNG3rvnpPUhFjmqJKAKtjV576KnUkHocg/g==}

snapshots:

  '@tsconfig/node24@24.0.3': {}

  '@tsconfig/strictest@2.0.8': {}

  '@types/node@24.10.8':
    dependencies:
      undici-types: 7.16.0

  dotenv@17.2.3: {}

  typescript@5.9.3: {}

  undici-types@7.16.0: {}

  zod@4.3.5: {}
